
Microsoft Visual Studio Solution File, Format Version 12.00
# Visual Studio 15
VisualStudioVersion = 15.0.26228.102
MinimumVisualStudioVersion = 10.0.40219.1
Project("{FAE04EC0-301F-11D3-BF4B-00C04F79EFBC}") = "Polygons.Library", "Polygons.Library\Polygons.Library.csproj", "{905723F6-AEA8-42C3-A48A-872F292B62C7}"
EndProject
Project("{FAE04EC0-301F-11D3-BF4B-00C04F79EFBC}") = "Polygons", "Polygons\Polygons.csproj", "{AF22C9E8-F888-43F0-A881-B95668385300}"
EndProject
Global
	GlobalSection(SolutionConfigurationPlatforms) = preSolution
		Debug|Any CPU = Debug|Any CPU
		Release|Any CPU = Release|Any CPU
	EndGlobalSection
	GlobalSection(ProjectConfigurationPlatforms) = postSolution
		{905723F6-AEA8-42C3-A48A-872F292B62C7}.Debug|Any CPU.ActiveCfg = Debug|Any CPU
		{905723F6-AEA8-42C3-A48A-872F292B62C7}.Debug|Any CPU.Build.0 = Debug|Any CPU
		{905723F6-AEA8-42C3-A48A-872F292B62C7}.Release|Any CPU.ActiveCfg = Release|Any CPU
		{905723F6-AEA8-42C3-A48A-872F292B62C7}.Release|Any CPU.Build.0 = Release|Any CPU
		{AF22C9E8-F888-43F0-A881-B95668385300}.Debug|Any CPU.ActiveCfg = Debug|Any CPU
		{AF22C9E8-F888-43F0-A881-B95668385300}.Debug|Any CPU.Build.0 = Debug|Any CPU
		{AF22C9E8-F888-43F0-A881-B95668385300}.Release|Any CPU.ActiveCfg = Release|Any CPU
		{AF22C9E8-F888-43F0-A881-B95668385300}.Release|Any CPU.Build.0 = Release|Any CPU
	EndGlobalSection
	GlobalSection(SolutionProperties) = preSolution
		HideSolutionNode = FALSE
	EndGlobalSection
EndGlobal
